
Microsoft Visual Studio Solution File, Format Version 12.00
# Visual Studio Version 16
VisualStudioVersion = 16.0.31424.327
MinimumVisualStudioVersion = 10.0.40219.1
Project("{FAE04EC0-301F-11D3-BF4B-00C04F79EFBC}") = "word_add-in", "word_add-in\word_add-in.csproj", "{3A263983-1E30-45DE-B5E9-2D8D45DE7E7C}"
EndProject
Project("{FAE04EC0-301F-11D3-BF4B-00C04F79EFBC}") = "word_add-inWeb", "word_add-inWeb\word_add-inWeb.csproj", "{D6349D6A-E57C-413C-812C-F83E1D4FC8A6}"
EndProject
Global
	GlobalSection(SolutionConfigurationPlatforms) = preSolution
		Debug|Any CPU = Debug|Any CPU
		Release|Any CPU = Release|Any CPU
	EndGlobalSection
	GlobalSection(ProjectConfigurationPlatforms) = postSolution
		{3A263983-1E30-45DE-B5E9-2D8D45DE7E7C}.Debug|Any CPU.ActiveCfg = Debug|Any CPU
		{3A263983-1E30-45DE-B5E9-2D8D45DE7E7C}.Debug|Any CPU.Build.0 = Debug|Any CPU
		{3A263983-1E30-45DE-B5E9-2D8D45DE7E7C}.Debug|Any CPU.Deploy.0 = Debug|Any CPU
		{3A263983-1E30-45DE-B5E9-2D8D45DE7E7C}.Release|Any CPU.ActiveCfg = Release|Any CPU
		{3A263983-1E30-45DE-B5E9-2D8D45DE7E7C}.Release|Any CPU.Build.0 = Release|Any CPU
		{3A263983-1E30-45DE-B5E9-2D8D45DE7E7C}.Release|Any CPU.Deploy.0 = Release|Any CPU
		{D6349D6A-E57C-413C-812C-F83E1D4FC8A6}.Debug|Any CPU.ActiveCfg = Debug|Any CPU
		{D6349D6A-E57C-413C-812C-F83E1D4FC8A6}.Debug|Any CPU.Build.0 = Debug|Any CPU
		{D6349D6A-E57C-413C-812C-F83E1D4FC8A6}.Release|Any CPU.ActiveCfg = Release|Any CPU
		{D6349D6A-E57C-413C-812C-F83E1D4FC8A6}.Release|Any CPU.Build.0 = Release|Any CPU
	EndGlobalSection
	GlobalSection(SolutionProperties) = preSolution
		HideSolutionNode = FALSE
	EndGlobalSection
	GlobalSection(ExtensibilityGlobals) = postSolution
		SolutionGuid = {620D2B52-92B7-4F50-8668-5F2C06827BF7}
	EndGlobalSection
EndGlobal
